{
  "name": "resleriana-db",
  "version": "0.0.0",
  "lockfileVersion": 3,
  "requires": true,
  "packages": {
    "": {
      "name": "resleriana-db",
      "version": "0.0.0",
      "license": "MIT",
      "dependencies": {
        "@leeoniya/ufuzzy": "^1.0.14"
      },
      "devDependencies": {
        "@aitodotai/json-stringify-pretty-compact": "^1.3.0"
      }
    },
    "node_modules/@aitodotai/json-stringify-pretty-compact": {
      "version": "1.3.0",
      "resolved": "https://registry.npmjs.org/@aitodotai/json-stringify-pretty-compact/-/json-stringify-pretty-compact-1.3.0.tgz",
      "integrity": "sha512-K+whdCBlVjzx8zCK2ZUohGJb5bUOxRpiEAfD1NCUgH0mApdDZD9c7VHXJVzWlt3wfV1X4OFyCRmTqbPd6U87lQ==",
      "dev": true
    },
    "node_modules/@leeoniya/ufuzzy": {
      "version": "1.0.14",
      "resolved": "https://registry.npmjs.org/@leeoniya/ufuzzy/-/ufuzzy-1.0.14.tgz",
      "integrity": "sha512-/xF4baYuCQMo+L/fMSUrZnibcu0BquEGnbxfVPiZhs/NbJeKj4c/UmFpQzW9Us0w45ui/yYW3vyaqawhNYsTzA=="
    }
  }
}
