{
  "name": "resleriana-db",
  "version": "1.0.0",
  "lockfileVersion": 3,
  "requires": true,
  "packages": {
    "": {
      "name": "resleriana-db",
      "version": "1.0.0",
      "license": "MIT",
      "devDependencies": {
        "json-stringify-pretty-compact": "^3.0.0"
      }
    },
    "node_modules/json-stringify-pretty-compact": {
      "version": "3.0.0",
      "resolved": "https://registry.npmjs.org/json-stringify-pretty-compact/-/json-stringify-pretty-compact-3.0.0.tgz",
      "integrity": "sha512-Rc2suX5meI0S3bfdZuA7JMFBGkJ875ApfVyq2WHELjBiiG22My/l7/8zPpH/CfFVQHuVLd8NLR0nv6vi0BYYKA==",
      "dev": true
    }
  }
}
